
Microsoft Visual Studio Solution File, Format Version 12.00
# Visual Studio Version 17
VisualStudioVersion = 17.5.002.0
MinimumVisualStudioVersion = 10.0.40219.1
Project("{9A19103F-16F7-4668-BE54-9A1E7A4F7556}") = "Итоговый проект по 1 четверти", "Итоговый проект по 1 четверти.csproj", "{4B823C5D-8CDB-44DD-8305-C4EC614BF616}"
EndProject
Global
	GlobalSection(SolutionConfigurationPlatforms) = preSolution
		Debug|Any CPU = Debug|Any CPU
		Release|Any CPU = Release|Any CPU
	EndGlobalSection
	GlobalSection(ProjectConfigurationPlatforms) = postSolution
		{4B823C5D-8CDB-44DD-8305-C4EC614BF616}.Debug|Any CPU.ActiveCfg = Debug|Any CPU
		{4B823C5D-8CDB-44DD-8305-C4EC614BF616}.Debug|Any CPU.Build.0 = Debug|Any CPU
		{4B823C5D-8CDB-44DD-8305-C4EC614BF616}.Release|Any CPU.ActiveCfg = Release|Any CPU
		{4B823C5D-8CDB-44DD-8305-C4EC614BF616}.Release|Any CPU.Build.0 = Release|Any CPU
	EndGlobalSection
	GlobalSection(SolutionProperties) = preSolution
		HideSolutionNode = FALSE
	EndGlobalSection
	GlobalSection(ExtensibilityGlobals) = postSolution
		SolutionGuid = {62D2C504-3823-4F6B-8801-C94139DBD9F2}
	EndGlobalSection
EndGlobal
